// !$*UTF8*$!
{
	archiveVersion = 1;
	classes = {
	};
	objectVersion = 77;
	objects = {

/* Begin PBXBuildFile section */
		03298F74C2B7C43FF6E7CE15 /* DevinSessionManagerTests.swift in Sources */ = {isa = PBXBuildFile; fileRef = 9363739CF4F4BF53C1CD19BC /* DevinSessionManagerTests.swift */; };
		03A10F3C2A6E3D55B543D7E6 /* THIRD_PARTY_FONT_LICENSES.md in Resources */ = {isa = PBXBuildFile; fileRef = D8CAD184E9D0547B876C8AFE /* THIRD_PARTY_FONT_LICENSES.md */; };
		04E75EAD5165E8D96C1C5517 /* MascotAssetTests.swift in Sources */ = {isa = PBXBuildFile; fileRef = 349714D49AE52D84995314FD /* MascotAssetTests.swift */; };
		1115F230E14FBE3C1FC754A2 /* GhosttySurfaceView.swift in Sources */ = {isa = PBXBuildFile; fileRef = E298AD81B1615CBBFD69F48A /* GhosttySurfaceView.swift */; };
		13F72CF42254CD4C9ED3A64F /* AgentBusyStatusTests.swift in Sources */ = {isa = PBXBuildFile; fileRef = FADAA48EED9EC6EB9662C6D1 /* AgentBusyStatusTests.swift */; };
		15575F42DE6503CF35130878 /* AgentComposer.swift in Sources */ = {isa = PBXBuildFile; fileRef = A81D716EC7B6521267DD8101 /* AgentComposer.swift */; };
		169DD2EDBB3722690752E042 /* AgentPaneView.swift in Sources */ = {isa = PBXBuildFile; fileRef = 00545E629A4268E824BF8311 /* AgentPaneView.swift */; };
		175E069EE844FB32C6EE51BB /* Persistence.swift in Sources */ = {isa = PBXBuildFile; fileRef = 8EDE0D7C434B8E9C76C4A297 /* Persistence.swift */; };
		21C03B3AE912F4D30FA6F92C /* PaneAgentState.swift in Sources */ = {isa = PBXBuildFile; fileRef = 41DDB9C7B5A277B7924270A3 /* PaneAgentState.swift */; };
		24B83C558586A3693F938175 /* SleepAssertionManager.swift in Sources */ = {isa = PBXBuildFile; fileRef = 835C2FC636D1BDDB4AFE8A39 /* SleepAssertionManager.swift */; };
		2E295621951BC5A53BB9830F /* ACPTypesTests.swift in Sources */ = {isa = PBXBuildFile; fileRef = 8DD4866639B7A52FBED29DB9 /* ACPTypesTests.swift */; };
		2E52C3AC5AD998CD3604D6BE /* GhosttyKit.xcframework in Frameworks */ = {isa = PBXBuildFile; fileRef = 81DADCF27E710CC77846E961 /* GhosttyKit.xcframework */; };
		34997DD4A4F9B64A754FE77F /* DevinHookInstallerTests.swift in Sources */ = {isa = PBXBuildFile; fileRef = 0F58E2127BAE2C9F5155CF07 /* DevinHookInstallerTests.swift */; };
		3932A4CFEFF6FB81AE283645 /* AgentHookInstaller.swift in Sources */ = {isa = PBXBuildFile; fileRef = 265A192AC9BD06DB09346E90 /* AgentHookInstaller.swift */; };
		3A7EFF6FAB2F2AF7006A6B49 /* CwdInheritanceTests.swift in Sources */ = {isa = PBXBuildFile; fileRef = 8C8B584A039DB106E33D41EF /* CwdInheritanceTests.swift */; };
		3CB9F41E3B1CB4A8790D9159 /* GhosttyManager.swift in Sources */ = {isa = PBXBuildFile; fileRef = FC6FFB5185C403F6F44A1687 /* GhosttyManager.swift */; };
		3F8C84DA957F29F442D9B82A /* AppIconPresetGroupingTests.swift in Sources */ = {isa = PBXBuildFile; fileRef = A04F39D8F313EF380039FB6F /* AppIconPresetGroupingTests.swift */; };
		412B1CA6983A9F45FB4D20C1 /* AgentMessageView.swift in Sources */ = {isa = PBXBuildFile; fileRef = 4DD0B51D4A83D54920751F98 /* AgentMessageView.swift */; };
		44060AE541F2E43558D44D01 /* SleepAssertionTests.swift in Sources */ = {isa = PBXBuildFile; fileRef = 89C2698EF53640338D55832D /* SleepAssertionTests.swift */; };
		47BB527385B84454ABF8FC40 /* themes.json in Resources */ = {isa = PBXBuildFile; fileRef = 6860F8F626EFDB9A289FC727 /* themes.json */; };
		49DF8EE59313B7CFE29DA303 /* PaneTreeView.swift in Sources */ = {isa = PBXBuildFile; fileRef = 1E646AABA8ADCE8A2A5C6F55 /* PaneTreeView.swift */; };
		5157C5439862F21202BCC44D /* AppDelegate.swift in Sources */ = {isa = PBXBuildFile; fileRef = 9E67CF5D8552AE1F51386161 /* AppDelegate.swift */; };
		623A28FE871F2B79A6D52835 /* SplitFocusDimTests.swift in Sources */ = {isa = PBXBuildFile; fileRef = AEFA4685C0ED722B2B86A010 /* SplitFocusDimTests.swift */; };
		657E526F46F719D1F9DEF150 /* Barlow-Medium.otf in Resources */ = {isa = PBXBuildFile; fileRef = 771C4C951D83D876034A393F /* Barlow-Medium.otf */; };
		692D1A7D490E07D796535EAA /* UpdaterController.swift in Sources */ = {isa = PBXBuildFile; fileRef = 4408F9761E584DE2AB6630E2 /* UpdaterController.swift */; };
		6C4DD263D1CEBA46FCBE7A83 /* FolderPicker.swift in Sources */ = {isa = PBXBuildFile; fileRef = 1F3D02341D5B9D010C3A226D /* FolderPicker.swift */; };
		6D74FE6545631EB8193C82E1 /* PaneView.swift in Sources */ = {isa = PBXBuildFile; fileRef = 08FC2FBC9E8729A5ECBF857C /* PaneView.swift */; };
		7630C58AEA27FCD47686D024 /* AgentPresentationTests.swift in Sources */ = {isa = PBXBuildFile; fileRef = 2974A3C91DDAC996BBE3C39E /* AgentPresentationTests.swift */; };
		773D43479CD075334E617FEF /* PermissionPolicyTests.swift in Sources */ = {isa = PBXBuildFile; fileRef = 58FBDCFA40012A3ED29E49EB /* PermissionPolicyTests.swift */; };
		7D07A40DF6411A613624827A /* PaneSurfaceRepresentable.swift in Sources */ = {isa = PBXBuildFile; fileRef = 16137B405E48DBE262A15B6D /* PaneSurfaceRepresentable.swift */; };
		7FC12666816053BEB64079CB /* Theme.swift in Sources */ = {isa = PBXBuildFile; fileRef = 050E267AE14712D4D6633B4F /* Theme.swift */; };
		81532B36FEC3039B8EAD9CB1 /* AgentKindResolutionTests.swift in Sources */ = {isa = PBXBuildFile; fileRef = 4EEF00CBEF45A9D60423A207 /* AgentKindResolutionTests.swift */; };
		843C1174E4867CE9C8AA8D52 /* PaneCloseTests.swift in Sources */ = {isa = PBXBuildFile; fileRef = 60E1B63E426D976C9BC97C48 /* PaneCloseTests.swift */; };
		930665E39CE84564CBF9D300 /* GlintTheme.swift in Sources */ = {isa = PBXBuildFile; fileRef = 150EEF32284061D527E51866 /* GlintTheme.swift */; };
		942ED7C1C1A2E823BA52F67A /* Assets.xcassets in Resources */ = {isa = PBXBuildFile; fileRef = 3023490E670A10EC38870B12 /* Assets.xcassets */; };
		9557E5424D0008F3337D1D5C /* ImagePicker.swift in Sources */ = {isa = PBXBuildFile; fileRef = D07B667DF848ADD7794B80D3 /* ImagePicker.swift */; };
		A1A72E96C61443EFFEA8A712 /* Barlow-Regular.otf in Resources */ = {isa = PBXBuildFile; fileRef = 76ADFA17E75A528997343B1C /* Barlow-Regular.otf */; };
		AA8EDD24CDF66636AE550A4B /* WorkspaceAgentCodableTests.swift in Sources */ = {isa = PBXBuildFile; fileRef = 84BA45C8BE2820C29CB54256 /* WorkspaceAgentCodableTests.swift */; };
		AB89FA6EF5785EC4026F4402 /* VisualEffectBackground.swift in Sources */ = {isa = PBXBuildFile; fileRef = C0656F7C1D48AE0429C1888B /* VisualEffectBackground.swift */; };
		AC6C263FBCEAF29D274E0881 /* Barlow-SemiBold.otf in Resources */ = {isa = PBXBuildFile; fileRef = 8970AF928E9F330D5C81C2C3 /* Barlow-SemiBold.otf */; };
		B6DE63D608A15234D6D65F8F /* NewWorkspacePopover.swift in Sources */ = {isa = PBXBuildFile; fileRef = CBA89141695F47F8D97F5BD9 /* NewWorkspacePopover.swift */; };
		B70CAFEBB2416E25B0FFED97 /* Sparkle in Frameworks */ = {isa = PBXBuildFile; productRef = C48F9D3C512A0ABE8369D0F4 /* Sparkle */; };
		C0E8D97C08BA3F0FA33F31E7 /* CommandPalette.swift in Sources */ = {isa = PBXBuildFile; fileRef = 235E2D958A2244483CAA0812 /* CommandPalette.swift */; };
		C1102E6BF39B44928974869A /* FontDefaultsTests.swift in Sources */ = {isa = PBXBuildFile; fileRef = DE559C44534F14D1C4C817A8 /* FontDefaultsTests.swift */; };
		C48BD1224EA2C6D3C87B9120 /* AgentPaneSummary.swift in Sources */ = {isa = PBXBuildFile; fileRef = 829D894CF747D6BC08667239 /* AgentPaneSummary.swift */; };
		C54833EBB70975128F00E558 /* DevinSessionManager.swift in Sources */ = {isa = PBXBuildFile; fileRef = B0B664239014346014C8D049 /* DevinSessionManager.swift */; };
		C7422ED14E8C4E63C6911645 /* ACPTypes.swift in Sources */ = {isa = PBXBuildFile; fileRef = 994BA89D275D22B553A5ECE4 /* ACPTypes.swift */; };
		C748DE21F23B49B2FFD73DC7 /* WorkspaceIconKindTests.swift in Sources */ = {isa = PBXBuildFile; fileRef = 83E4DF4C5180D50C381B4976 /* WorkspaceIconKindTests.swift */; };
		CACBF58D56347AD978A88101 /* AgentPlaceholderPaneView.swift in Sources */ = {isa = PBXBuildFile; fileRef = CA93584E91A4AB0574900628 /* AgentPlaceholderPaneView.swift */; };
		CD30F5E1B78B3C46C9990FD6 /* SidebarView.swift in Sources */ = {isa = PBXBuildFile; fileRef = A8C269A6E9AE87961C3356DC /* SidebarView.swift */; };
		CD7908F096580864CB2992ED /* ContentView.swift in Sources */ = {isa = PBXBuildFile; fileRef = 4BE4DBC7E2579823474466E9 /* ContentView.swift */; };
		CEA0A8FF66046FEFA80FAC0C /* GlintApp.swift in Sources */ = {isa = PBXBuildFile; fileRef = 7CB74659D174004C620D538A /* GlintApp.swift */; };
		D12A23FB9E6AB95C264AA888 /* LiquidGlassSplitWindowTests.swift in Sources */ = {isa = PBXBuildFile; fileRef = 2C3EBDD619911358E7495969 /* LiquidGlassSplitWindowTests.swift */; };
		D1BDE1E5DE8D4FE1F96822D1 /* WorkspaceStore.swift in Sources */ = {isa = PBXBuildFile; fileRef = 5A8933F67B4B6EEA3FD4E603 /* WorkspaceStore.swift */; };
		D3D6CF13B67D30E9DA557F83 /* UsageStore.swift in Sources */ = {isa = PBXBuildFile; fileRef = F8A1F24DAA7220AD4EE961E2 /* UsageStore.swift */; };
		D74F5F4CB2F8EF5B36D5FC26 /* PermissionReviewerTests.swift in Sources */ = {isa = PBXBuildFile; fileRef = C0244D4929B59DCF8578EFBA /* PermissionReviewerTests.swift */; };
		D821F5498BB280D170E945F7 /* DepartureMonoNerdFont-Regular.otf in Resources */ = {isa = PBXBuildFile; fileRef = BE9117F7FB3E54B8267A1843 /* DepartureMonoNerdFont-Regular.otf */; };
		DEEF28E69E16438246624BFB /* ACPClient.swift in Sources */ = {isa = PBXBuildFile; fileRef = F01831399AB1737ECE0B13E8 /* ACPClient.swift */; };
		E2ED5190EBA9CBB188695979 /* PermissionReviewer.swift in Sources */ = {isa = PBXBuildFile; fileRef = C814D3595E8E51D55F8F02D3 /* PermissionReviewer.swift */; };
		E38979E8FE4960028D4C6C8A /* Barlow-Bold.otf in Resources */ = {isa = PBXBuildFile; fileRef = F9D0615395D05BE6077AC0E7 /* Barlow-Bold.otf */; };
		E464D0233508CD31C1235054 /* AgentBridge.swift in Sources */ = {isa = PBXBuildFile; fileRef = 05F2CA2243872C8111048EF2 /* AgentBridge.swift */; };
		ED46CD7A6E09551A775AD3B8 /* PaneAgentKindTests.swift in Sources */ = {isa = PBXBuildFile; fileRef = EBCC04C19D745AA867D961FD /* PaneAgentKindTests.swift */; };
		EF3ACBA990526130228FAD0B /* SettingsView.swift in Sources */ = {isa = PBXBuildFile; fileRef = 6D3B64992BBD5A190DFE36D2 /* SettingsView.swift */; };
		EF937781512647E835836F83 /* ControlBridge.swift in Sources */ = {isa = PBXBuildFile; fileRef = 21868C7211897C87A6CAD7C3 /* ControlBridge.swift */; };
		F0C9D4521F90D3DE4F02E29A /* AppearanceThemeTests.swift in Sources */ = {isa = PBXBuildFile; fileRef = 049EF5193FE5D19E86C9EC85 /* AppearanceThemeTests.swift */; };
		F6AFF715FCE5357CEB07683D /* SettingsSafety.swift in Sources */ = {isa = PBXBuildFile; fileRef = DB20921E3CAC1006A8FBD3AE /* SettingsSafety.swift */; };
		F6C613EDC946DD7FF0D91C2D /* WorkspaceKindTests.swift in Sources */ = {isa = PBXBuildFile; fileRef = 5B4A2649F46054E5CD87B7FC /* WorkspaceKindTests.swift */; };
		F7ABF70CD455143BF89B89B3 /* SafeJSON.swift in Sources */ = {isa = PBXBuildFile; fileRef = C9E2B9ADF809766CE4278047 /* SafeJSON.swift */; };
		F9117BBBA7223329225B694D /* AppIconAssetTests.swift in Sources */ = {isa = PBXBuildFile; fileRef = 5008237EE4CC1A3404DAC751 /* AppIconAssetTests.swift */; };
		FCB67525DF16A4DCF9B2AF7A /* Localizable.xcstrings in Resources */ = {isa = PBXBuildFile; fileRef = 376568363043C189904E4E0A /* Localizable.xcstrings */; };
		FF23A847BC5D81C090121A22 /* AppFonts.swift in Sources */ = {isa = PBXBuildFile; fileRef = EC651B821F3C8E89A5D1F8DC /* AppFonts.swift */; };
/* End PBXBuildFile section */

/* Begin PBXContainerItemProxy section */
		E573422D753FD4F162230F22 /* PBXContainerItemProxy */ = {
			isa = PBXContainerItemProxy;
			containerPortal = BE6DB378EC4FB00E8DB46BA7 /* Project object */;
			proxyType = 1;
			remoteGlobalIDString = 370743E3F9FFC81627C407C4;
			remoteInfo = Glint;
		};
/* End PBXContainerItemProxy section */

/* Begin PBXFileReference section */
		00545E629A4268E824BF8311 /* AgentPaneView.swift */ = {isa = PBXFileReference; lastKnownFileType = sourcecode.swift; path = AgentPaneView.swift; sourceTree = "<group>"; };
		049EF5193FE5D19E86C9EC85 /* AppearanceThemeTests.swift */ = {isa = PBXFileReference; lastKnownFileType = sourcecode.swift; path = AppearanceThemeTests.swift; sourceTree = "<group>"; };
		050E267AE14712D4D6633B4F /* Theme.swift */ = {isa = PBXFileReference; lastKnownFileType = sourcecode.swift; path = Theme.swift; sourceTree = "<group>"; };
		05F2CA2243872C8111048EF2 /* AgentBridge.swift */ = {isa = PBXFileReference; lastKnownFileType = sourcecode.swift; path = AgentBridge.swift; sourceTree = "<group>"; };
		08FC2FBC9E8729A5ECBF857C /* PaneView.swift */ = {isa = PBXFileReference; lastKnownFileType = sourcecode.swift; path = PaneView.swift; sourceTree = "<group>"; };
		0F58E2127BAE2C9F5155CF07 /* DevinHookInstallerTests.swift */ = {isa = PBXFileReference; lastKnownFileType = sourcecode.swift; path = DevinHookInstallerTests.swift; sourceTree = "<group>"; };
		150EEF32284061D527E51866 /* GlintTheme.swift */ = {isa = PBXFileReference; lastKnownFileType = sourcecode.swift; path = GlintTheme.swift; sourceTree = "<group>"; };
		16137B405E48DBE262A15B6D /* PaneSurfaceRepresentable.swift */ = {isa = PBXFileReference; lastKnownFileType = sourcecode.swift; path = PaneSurfaceRepresentable.swift; sourceTree = "<group>"; };
		1E646AABA8ADCE8A2A5C6F55 /* PaneTreeView.swift */ = {isa = PBXFileReference; lastKnownFileType = sourcecode.swift; path = PaneTreeView.swift; sourceTree = "<group>"; };
		1F3D02341D5B9D010C3A226D /* FolderPicker.swift */ = {isa = PBXFileReference; lastKnownFileType = sourcecode.swift; path = FolderPicker.swift; sourceTree = "<group>"; };
		21868C7211897C87A6CAD7C3 /* ControlBridge.swift */ = {isa = PBXFileReference; lastKnownFileType = sourcecode.swift; path = ControlBridge.swift; sourceTree = "<group>"; };
		235E2D958A2244483CAA0812 /* CommandPalette.swift */ = {isa = PBXFileReference; lastKnownFileType = sourcecode.swift; path = CommandPalette.swift; sourceTree = "<group>"; };
		25DADCEBA9C483C729B69388 /* Glint.entitlements */ = {isa = PBXFileReference; lastKnownFileType = text.plist.entitlements; path = Glint.entitlements; sourceTree = "<group>"; };
		265A192AC9BD06DB09346E90 /* AgentHookInstaller.swift */ = {isa = PBXFileReference; lastKnownFileType = sourcecode.swift; path = AgentHookInstaller.swift; sourceTree = "<group>"; };
		2974A3C91DDAC996BBE3C39E /* AgentPresentationTests.swift */ = {isa = PBXFileReference; lastKnownFileType = sourcecode.swift; path = AgentPresentationTests.swift; sourceTree = "<group>"; };
		2C3EBDD619911358E7495969 /* LiquidGlassSplitWindowTests.swift */ = {isa = PBXFileReference; lastKnownFileType = sourcecode.swift; path = LiquidGlassSplitWindowTests.swift; sourceTree = "<group>"; };
		3023490E670A10EC38870B12 /* Assets.xcassets */ = {isa = PBXFileReference; lastKnownFileType = folder.assetcatalog; path = Assets.xcassets; sourceTree = "<group>"; };
		349714D49AE52D84995314FD /* MascotAssetTests.swift */ = {isa = PBXFileReference; lastKnownFileType = sourcecode.swift; path = MascotAssetTests.swift; sourceTree = "<group>"; };
		376568363043C189904E4E0A /* Localizable.xcstrings */ = {isa = PBXFileReference; lastKnownFileType = text.json.xcstrings; path = Localizable.xcstrings; sourceTree = "<group>"; };
		3E2E78BBA22734DD486C760B /* Glint.app */ = {isa = PBXFileReference; explicitFileType = wrapper.application; includeInIndex = 0; path = Glint.app; sourceTree = BUILT_PRODUCTS_DIR; };
		41DDB9C7B5A277B7924270A3 /* PaneAgentState.swift */ = {isa = PBXFileReference; lastKnownFileType = sourcecode.swift; path = PaneAgentState.swift; sourceTree = "<group>"; };
		4408F9761E584DE2AB6630E2 /* UpdaterController.swift */ = {isa = PBXFileReference; lastKnownFileType = sourcecode.swift; path = UpdaterController.swift; sourceTree = "<group>"; };
		4BE4DBC7E2579823474466E9 /* ContentView.swift */ = {isa = PBXFileReference; lastKnownFileType = sourcecode.swift; path = ContentView.swift; sourceTree = "<group>"; };
		4DD0B51D4A83D54920751F98 /* AgentMessageView.swift */ = {isa = PBXFileReference; lastKnownFileType = sourcecode.swift; path = AgentMessageView.swift; sourceTree = "<group>"; };
		4EEF00CBEF45A9D60423A207 /* AgentKindResolutionTests.swift */ = {isa = PBXFileReference; lastKnownFileType = sourcecode.swift; path = AgentKindResolutionTests.swift; sourceTree = "<group>"; };
		5008237EE4CC1A3404DAC751 /* AppIconAssetTests.swift */ = {isa = PBXFileReference; lastKnownFileType = sourcecode.swift; path = AppIconAssetTests.swift; sourceTree = "<group>"; };
		58FBDCFA40012A3ED29E49EB /* PermissionPolicyTests.swift */ = {isa = PBXFileReference; lastKnownFileType = sourcecode.swift; path = PermissionPolicyTests.swift; sourceTree = "<group>"; };
		5A8933F67B4B6EEA3FD4E603 /* WorkspaceStore.swift */ = {isa = PBXFileReference; lastKnownFileType = sourcecode.swift; path = WorkspaceStore.swift; sourceTree = "<group>"; };
		5B4A2649F46054E5CD87B7FC /* WorkspaceKindTests.swift */ = {isa = PBXFileReference; lastKnownFileType = sourcecode.swift; path = WorkspaceKindTests.swift; sourceTree = "<group>"; };
		60E1B63E426D976C9BC97C48 /* PaneCloseTests.swift */ = {isa = PBXFileReference; lastKnownFileType = sourcecode.swift; path = PaneCloseTests.swift; sourceTree = "<group>"; };
		6860F8F626EFDB9A289FC727 /* themes.json */ = {isa = PBXFileReference; lastKnownFileType = text.json; path = themes.json; sourceTree = "<group>"; };
		6D3B64992BBD5A190DFE36D2 /* SettingsView.swift */ = {isa = PBXFileReference; lastKnownFileType = sourcecode.swift; path = SettingsView.swift; sourceTree = "<group>"; };
		76ADFA17E75A528997343B1C /* Barlow-Regular.otf */ = {isa = PBXFileReference; lastKnownFileType = file; path = "Barlow-Regular.otf"; sourceTree = "<group>"; };
		771C4C951D83D876034A393F /* Barlow-Medium.otf */ = {isa = PBXFileReference; lastKnownFileType = file; path = "Barlow-Medium.otf"; sourceTree = "<group>"; };
		7CB74659D174004C620D538A /* GlintApp.swift */ = {isa = PBXFileReference; lastKnownFileType = sourcecode.swift; path = GlintApp.swift; sourceTree = "<group>"; };
		81DADCF27E710CC77846E961 /* GhosttyKit.xcframework */ = {isa = PBXFileReference; lastKnownFileType = wrapper.xcframework; name = GhosttyKit.xcframework; path = Vendor/GhosttyKit.xcframework; sourceTree = "<group>"; };
		829D894CF747D6BC08667239 /* AgentPaneSummary.swift */ = {isa = PBXFileReference; lastKnownFileType = sourcecode.swift; path = AgentPaneSummary.swift; sourceTree = "<group>"; };
		835C2FC636D1BDDB4AFE8A39 /* SleepAssertionManager.swift */ = {isa = PBXFileReference; lastKnownFileType = sourcecode.swift; path = SleepAssertionManager.swift; sourceTree = "<group>"; };
		83E4DF4C5180D50C381B4976 /* WorkspaceIconKindTests.swift */ = {isa = PBXFileReference; lastKnownFileType = sourcecode.swift; path = WorkspaceIconKindTests.swift; sourceTree = "<group>"; };
		84BA45C8BE2820C29CB54256 /* WorkspaceAgentCodableTests.swift */ = {isa = PBXFileReference; lastKnownFileType = sourcecode.swift; path = WorkspaceAgentCodableTests.swift; sourceTree = "<group>"; };
		8970AF928E9F330D5C81C2C3 /* Barlow-SemiBold.otf */ = {isa = PBXFileReference; lastKnownFileType = file; path = "Barlow-SemiBold.otf"; sourceTree = "<group>"; };
		89C2698EF53640338D55832D /* SleepAssertionTests.swift */ = {isa = PBXFileReference; lastKnownFileType = sourcecode.swift; path = SleepAssertionTests.swift; sourceTree = "<group>"; };
		8C8B584A039DB106E33D41EF /* CwdInheritanceTests.swift */ = {isa = PBXFileReference; lastKnownFileType = sourcecode.swift; path = CwdInheritanceTests.swift; sourceTree = "<group>"; };
		8DD4866639B7A52FBED29DB9 /* ACPTypesTests.swift */ = {isa = PBXFileReference; lastKnownFileType = sourcecode.swift; path = ACPTypesTests.swift; sourceTree = "<group>"; };
		8EDE0D7C434B8E9C76C4A297 /* Persistence.swift */ = {isa = PBXFileReference; lastKnownFileType = sourcecode.swift; path = Persistence.swift; sourceTree = "<group>"; };
		9363739CF4F4BF53C1CD19BC /* DevinSessionManagerTests.swift */ = {isa = PBXFileReference; lastKnownFileType = sourcecode.swift; path = DevinSessionManagerTests.swift; sourceTree = "<group>"; };
		994BA89D275D22B553A5ECE4 /* ACPTypes.swift */ = {isa = PBXFileReference; lastKnownFileType = sourcecode.swift; path = ACPTypes.swift; sourceTree = "<group>"; };
		9E67CF5D8552AE1F51386161 /* AppDelegate.swift */ = {isa = PBXFileReference; lastKnownFileType = sourcecode.swift; path = AppDelegate.swift; sourceTree = "<group>"; };
		A04F39D8F313EF380039FB6F /* AppIconPresetGroupingTests.swift */ = {isa = PBXFileReference; lastKnownFileType = sourcecode.swift; path = AppIconPresetGroupingTests.swift; sourceTree = "<group>"; };
		A81D716EC7B6521267DD8101 /* AgentComposer.swift */ = {isa = PBXFileReference; lastKnownFileType = sourcecode.swift; path = AgentComposer.swift; sourceTree = "<group>"; };
		A8C269A6E9AE87961C3356DC /* SidebarView.swift */ = {isa = PBXFileReference; lastKnownFileType = sourcecode.swift; path = SidebarView.swift; sourceTree = "<group>"; };
		AEFA4685C0ED722B2B86A010 /* SplitFocusDimTests.swift */ = {isa = PBXFileReference; lastKnownFileType = sourcecode.swift; path = SplitFocusDimTests.swift; sourceTree = "<group>"; };
		B0B664239014346014C8D049 /* DevinSessionManager.swift */ = {isa = PBXFileReference; lastKnownFileType = sourcecode.swift; path = DevinSessionManager.swift; sourceTree = "<group>"; };
		BE9117F7FB3E54B8267A1843 /* DepartureMonoNerdFont-Regular.otf */ = {isa = PBXFileReference; lastKnownFileType = file; path = "DepartureMonoNerdFont-Regular.otf"; sourceTree = "<group>"; };
		C0244D4929B59DCF8578EFBA /* PermissionReviewerTests.swift */ = {isa = PBXFileReference; lastKnownFileType = sourcecode.swift; path = PermissionReviewerTests.swift; sourceTree = "<group>"; };
		C0656F7C1D48AE0429C1888B /* VisualEffectBackground.swift */ = {isa = PBXFileReference; lastKnownFileType = sourcecode.swift; path = VisualEffectBackground.swift; sourceTree = "<group>"; };
		C814D3595E8E51D55F8F02D3 /* PermissionReviewer.swift */ = {isa = PBXFileReference; lastKnownFileType = sourcecode.swift; path = PermissionReviewer.swift; sourceTree = "<group>"; };
		C9E2B9ADF809766CE4278047 /* SafeJSON.swift */ = {isa = PBXFileReference; lastKnownFileType = sourcecode.swift; path = SafeJSON.swift; sourceTree = "<group>"; };
		CA93584E91A4AB0574900628 /* AgentPlaceholderPaneView.swift */ = {isa = PBXFileReference; lastKnownFileType = sourcecode.swift; path = AgentPlaceholderPaneView.swift; sourceTree = "<group>"; };
		CBA89141695F47F8D97F5BD9 /* NewWorkspacePopover.swift */ = {isa = PBXFileReference; lastKnownFileType = sourcecode.swift; path = NewWorkspacePopover.swift; sourceTree = "<group>"; };
		D07B667DF848ADD7794B80D3 /* ImagePicker.swift */ = {isa = PBXFileReference; lastKnownFileType = sourcecode.swift; path = ImagePicker.swift; sourceTree = "<group>"; };
		D8CAD184E9D0547B876C8AFE /* THIRD_PARTY_FONT_LICENSES.md */ = {isa = PBXFileReference; lastKnownFileType = net.daringfireball.markdown; path = THIRD_PARTY_FONT_LICENSES.md; sourceTree = "<group>"; };
		DB20921E3CAC1006A8FBD3AE /* SettingsSafety.swift */ = {isa = PBXFileReference; lastKnownFileType = sourcecode.swift; path = SettingsSafety.swift; sourceTree = "<group>"; };
		DE559C44534F14D1C4C817A8 /* FontDefaultsTests.swift */ = {isa = PBXFileReference; lastKnownFileType = sourcecode.swift; path = FontDefaultsTests.swift; sourceTree = "<group>"; };
		E298AD81B1615CBBFD69F48A /* GhosttySurfaceView.swift */ = {isa = PBXFileReference; lastKnownFileType = sourcecode.swift; path = GhosttySurfaceView.swift; sourceTree = "<group>"; };
		E94AB23640CA1E6007F8B2B4 /* GlintTests.xctest */ = {isa = PBXFileReference; explicitFileType = wrapper.cfbundle; includeInIndex = 0; path = GlintTests.xctest; sourceTree = BUILT_PRODUCTS_DIR; };
		EBCC04C19D745AA867D961FD /* PaneAgentKindTests.swift */ = {isa = PBXFileReference; lastKnownFileType = sourcecode.swift; path = PaneAgentKindTests.swift; sourceTree = "<group>"; };
		EC651B821F3C8E89A5D1F8DC /* AppFonts.swift */ = {isa = PBXFileReference; lastKnownFileType = sourcecode.swift; path = AppFonts.swift; sourceTree = "<group>"; };
		F01831399AB1737ECE0B13E8 /* ACPClient.swift */ = {isa = PBXFileReference; lastKnownFileType = sourcecode.swift; path = ACPClient.swift; sourceTree = "<group>"; };
		F5A69ACF962AEDE189F98649 /* Info.plist */ = {isa = PBXFileReference; lastKnownFileType = text.plist; path = Info.plist; sourceTree = "<group>"; };
		F8A1F24DAA7220AD4EE961E2 /* UsageStore.swift */ = {isa = PBXFileReference; lastKnownFileType = sourcecode.swift; path = UsageStore.swift; sourceTree = "<group>"; };
		F9D0615395D05BE6077AC0E7 /* Barlow-Bold.otf */ = {isa = PBXFileReference; lastKnownFileType = file; path = "Barlow-Bold.otf"; sourceTree = "<group>"; };
		FADAA48EED9EC6EB9662C6D1 /* AgentBusyStatusTests.swift */ = {isa = PBXFileReference; lastKnownFileType = sourcecode.swift; path = AgentBusyStatusTests.swift; sourceTree = "<group>"; };
		FC6FFB5185C403F6F44A1687 /* GhosttyManager.swift */ = {isa = PBXFileReference; lastKnownFileType = sourcecode.swift; path = GhosttyManager.swift; sourceTree = "<group>"; };
/* End PBXFileReference section */

/* Begin PBXFrameworksBuildPhase section */
		98BEE1CADB909FBA0A70E63B /* Frameworks */ = {
			isa = PBXFrameworksBuildPhase;
			buildActionMask = 2147483647;
			files = (
				2E52C3AC5AD998CD3604D6BE /* GhosttyKit.xcframework in Frameworks */,
				B70CAFEBB2416E25B0FFED97 /* Sparkle in Frameworks */,
			);
			runOnlyForDeploymentPostprocessing = 0;
		};
/* End PBXFrameworksBuildPhase section */

/* Begin PBXGroup section */
		169D300DD0731BE0FC20E230 /* Resources */ = {
			isa = PBXGroup;
			children = (
				3023490E670A10EC38870B12 /* Assets.xcassets */,
				25DADCEBA9C483C729B69388 /* Glint.entitlements */,
				F5A69ACF962AEDE189F98649 /* Info.plist */,
				376568363043C189904E4E0A /* Localizable.xcstrings */,
				6860F8F626EFDB9A289FC727 /* themes.json */,
				C86DBF425136387D2AC2A124 /* Fonts */,
			);
			path = Resources;
			sourceTree = "<group>";
		};
		5D84BADE56807E092D26B87B /* Pane */ = {
			isa = PBXGroup;
			children = (
				A81D716EC7B6521267DD8101 /* AgentComposer.swift */,
				4DD0B51D4A83D54920751F98 /* AgentMessageView.swift */,
				00545E629A4268E824BF8311 /* AgentPaneView.swift */,
				CA93584E91A4AB0574900628 /* AgentPlaceholderPaneView.swift */,
				E298AD81B1615CBBFD69F48A /* GhosttySurfaceView.swift */,
				16137B405E48DBE262A15B6D /* PaneSurfaceRepresentable.swift */,
				1E646AABA8ADCE8A2A5C6F55 /* PaneTreeView.swift */,
				08FC2FBC9E8729A5ECBF857C /* PaneView.swift */,
			);
			path = Pane;
			sourceTree = "<group>";
		};
		5F9010EBEE9DCDE13D866A74 /* GlintTests */ = {
			isa = PBXGroup;
			children = (
				8DD4866639B7A52FBED29DB9 /* ACPTypesTests.swift */,
				FADAA48EED9EC6EB9662C6D1 /* AgentBusyStatusTests.swift */,
				4EEF00CBEF45A9D60423A207 /* AgentKindResolutionTests.swift */,
				2974A3C91DDAC996BBE3C39E /* AgentPresentationTests.swift */,
				049EF5193FE5D19E86C9EC85 /* AppearanceThemeTests.swift */,
				5008237EE4CC1A3404DAC751 /* AppIconAssetTests.swift */,
				A04F39D8F313EF380039FB6F /* AppIconPresetGroupingTests.swift */,
				8C8B584A039DB106E33D41EF /* CwdInheritanceTests.swift */,
				0F58E2127BAE2C9F5155CF07 /* DevinHookInstallerTests.swift */,
				9363739CF4F4BF53C1CD19BC /* DevinSessionManagerTests.swift */,
				DE559C44534F14D1C4C817A8 /* FontDefaultsTests.swift */,
				2C3EBDD619911358E7495969 /* LiquidGlassSplitWindowTests.swift */,
				349714D49AE52D84995314FD /* MascotAssetTests.swift */,
				EBCC04C19D745AA867D961FD /* PaneAgentKindTests.swift */,
				60E1B63E426D976C9BC97C48 /* PaneCloseTests.swift */,
				58FBDCFA40012A3ED29E49EB /* PermissionPolicyTests.swift */,
				C0244D4929B59DCF8578EFBA /* PermissionReviewerTests.swift */,
				89C2698EF53640338D55832D /* SleepAssertionTests.swift */,
				AEFA4685C0ED722B2B86A010 /* SplitFocusDimTests.swift */,
				84BA45C8BE2820C29CB54256 /* WorkspaceAgentCodableTests.swift */,
				83E4DF4C5180D50C381B4976 /* WorkspaceIconKindTests.swift */,
				5B4A2649F46054E5CD87B7FC /* WorkspaceKindTests.swift */,
			);
			path = GlintTests;
			sourceTree = "<group>";
		};
		65CB88BAF642F92D3AFF7AB9 /* Chrome */ = {
			isa = PBXGroup;
			children = (
				235E2D958A2244483CAA0812 /* CommandPalette.swift */,
				4BE4DBC7E2579823474466E9 /* ContentView.swift */,
				1F3D02341D5B9D010C3A226D /* FolderPicker.swift */,
				150EEF32284061D527E51866 /* GlintTheme.swift */,
				D07B667DF848ADD7794B80D3 /* ImagePicker.swift */,
				CBA89141695F47F8D97F5BD9 /* NewWorkspacePopover.swift */,
				6D3B64992BBD5A190DFE36D2 /* SettingsView.swift */,
				A8C269A6E9AE87961C3356DC /* SidebarView.swift */,
				050E267AE14712D4D6633B4F /* Theme.swift */,
				C0656F7C1D48AE0429C1888B /* VisualEffectBackground.swift */,
			);
			path = Chrome;
			sourceTree = "<group>";
		};
		6CABC9404E002DFC9CAA493A /* ACP */ = {
			isa = PBXGroup;
			children = (
				F01831399AB1737ECE0B13E8 /* ACPClient.swift */,
				994BA89D275D22B553A5ECE4 /* ACPTypes.swift */,
			);
			path = ACP;
			sourceTree = "<group>";
		};
		846EE2A0E01AF110EE275AFD /* Frameworks */ = {
			isa = PBXGroup;
			children = (
				81DADCF27E710CC77846E961 /* GhosttyKit.xcframework */,
			);
			name = Frameworks;
			sourceTree = "<group>";
		};
		8CD393231F7DDDDC2FC4028F /* Agent */ = {
			isa = PBXGroup;
			children = (
				05F2CA2243872C8111048EF2 /* AgentBridge.swift */,
				265A192AC9BD06DB09346E90 /* AgentHookInstaller.swift */,
				829D894CF747D6BC08667239 /* AgentPaneSummary.swift */,
				21868C7211897C87A6CAD7C3 /* ControlBridge.swift */,
				B0B664239014346014C8D049 /* DevinSessionManager.swift */,
				41DDB9C7B5A277B7924270A3 /* PaneAgentState.swift */,
				C814D3595E8E51D55F8F02D3 /* PermissionReviewer.swift */,
				C9E2B9ADF809766CE4278047 /* SafeJSON.swift */,
				835C2FC636D1BDDB4AFE8A39 /* SleepAssertionManager.swift */,
				F8A1F24DAA7220AD4EE961E2 /* UsageStore.swift */,
				6CABC9404E002DFC9CAA493A /* ACP */,
			);
			path = Agent;
			sourceTree = "<group>";
		};
		976DA38BD8100EAB5D19A251 /* Workspace */ = {
			isa = PBXGroup;
			children = (
				8EDE0D7C434B8E9C76C4A297 /* Persistence.swift */,
				5A8933F67B4B6EEA3FD4E603 /* WorkspaceStore.swift */,
			);
			path = Workspace;
			sourceTree = "<group>";
		};
		BB4ECEBC994408CE9F33EC5A /* Glint */ = {
			isa = PBXGroup;
			children = (
				8CD393231F7DDDDC2FC4028F /* Agent */,
				CE6E633968E3B9EE7F187610 /* App */,
				65CB88BAF642F92D3AFF7AB9 /* Chrome */,
				D972692525044F2CF3D4348A /* Ghostty */,
				5D84BADE56807E092D26B87B /* Pane */,
				169D300DD0731BE0FC20E230 /* Resources */,
				976DA38BD8100EAB5D19A251 /* Workspace */,
			);
			path = Glint;
			sourceTree = "<group>";
		};
		C86DBF425136387D2AC2A124 /* Fonts */ = {
			isa = PBXGroup;
			children = (
				F9D0615395D05BE6077AC0E7 /* Barlow-Bold.otf */,
				771C4C951D83D876034A393F /* Barlow-Medium.otf */,
				76ADFA17E75A528997343B1C /* Barlow-Regular.otf */,
				8970AF928E9F330D5C81C2C3 /* Barlow-SemiBold.otf */,
				BE9117F7FB3E54B8267A1843 /* DepartureMonoNerdFont-Regular.otf */,
				D8CAD184E9D0547B876C8AFE /* THIRD_PARTY_FONT_LICENSES.md */,
			);
			path = Fonts;
			sourceTree = "<group>";
		};
		CE6E633968E3B9EE7F187610 /* App */ = {
			isa = PBXGroup;
			children = (
				9E67CF5D8552AE1F51386161 /* AppDelegate.swift */,
				EC651B821F3C8E89A5D1F8DC /* AppFonts.swift */,
				7CB74659D174004C620D538A /* GlintApp.swift */,
				DB20921E3CAC1006A8FBD3AE /* SettingsSafety.swift */,
				4408F9761E584DE2AB6630E2 /* UpdaterController.swift */,
			);
			path = App;
			sourceTree = "<group>";
		};
		D972692525044F2CF3D4348A /* Ghostty */ = {
			isa = PBXGroup;
			children = (
				FC6FFB5185C403F6F44A1687 /* GhosttyManager.swift */,
			);
			path = Ghostty;
			sourceTree = "<group>";
		};
		EA6921C9B6CB486D18C07534 = {
			isa = PBXGroup;
			children = (
				BB4ECEBC994408CE9F33EC5A /* Glint */,
				5F9010EBEE9DCDE13D866A74 /* GlintTests */,
				846EE2A0E01AF110EE275AFD /* Frameworks */,
				F0DEBFD467843DF4F582D172 /* Products */,
			);
			sourceTree = "<group>";
		};
		F0DEBFD467843DF4F582D172 /* Products */ = {
			isa = PBXGroup;
			children = (
				3E2E78BBA22734DD486C760B /* Glint.app */,
				E94AB23640CA1E6007F8B2B4 /* GlintTests.xctest */,
			);
			name = Products;
			sourceTree = "<group>";
		};
/* End PBXGroup section */

/* Begin PBXNativeTarget section */
		370743E3F9FFC81627C407C4 /* Glint */ = {
			isa = PBXNativeTarget;
			buildConfigurationList = 4AC9F6345A7677531E105A3D /* Build configuration list for PBXNativeTarget "Glint" */;
			buildPhases = (
				86AD9E59837D6EEC7E56E0F0 /* Sources */,
				15DB57E4B5291059A1FB8D4A /* Resources */,
				98BEE1CADB909FBA0A70E63B /* Frameworks */,
			);
			buildRules = (
			);
			dependencies = (
			);
			name = Glint;
			packageProductDependencies = (
				C48F9D3C512A0ABE8369D0F4 /* Sparkle */,
			);
			productName = Glint;
			productReference = 3E2E78BBA22734DD486C760B /* Glint.app */;
			productType = "com.apple.product-type.application";
		};
		900A6C235CB23B81714F0821 /* GlintTests */ = {
			isa = PBXNativeTarget;
			buildConfigurationList = 11189B2AF4B71B0DFE397743 /* Build configuration list for PBXNativeTarget "GlintTests" */;
			buildPhases = (
				3827C1790EDA945C32F356F3 /* Sources */,
			);
			buildRules = (
			);
			dependencies = (
				D3E9FF39F2716E0829281863 /* PBXTargetDependency */,
			);
			name = GlintTests;
			packageProductDependencies = (
			);
			productName = GlintTests;
			productReference = E94AB23640CA1E6007F8B2B4 /* GlintTests.xctest */;
			productType = "com.apple.product-type.bundle.unit-test";
		};
/* End PBXNativeTarget section */

/* Begin PBXProject section */
		BE6DB378EC4FB00E8DB46BA7 /* Project object */ = {
			isa = PBXProject;
			attributes = {
				BuildIndependentTargetsInParallel = YES;
				LastUpgradeCheck = 1430;
				TargetAttributes = {
					370743E3F9FFC81627C407C4 = {
						DevelopmentTeam = "";
						ProvisioningStyle = Automatic;
					};
				};
			};
			buildConfigurationList = 086B69158E9278565399AC37 /* Build configuration list for PBXProject "Glint" */;
			developmentRegion = en;
			hasScannedForEncodings = 0;
			knownRegions = (
				Base,
				en,
			);
			mainGroup = EA6921C9B6CB486D18C07534;
			minimizedProjectReferenceProxies = 1;
			packageReferences = (
				AAA6FA46A023C46056BE3F0D /* XCRemoteSwiftPackageReference "Sparkle" */,
			);
			preferredProjectObjectVersion = 77;
			productRefGroup = F0DEBFD467843DF4F582D172 /* Products */;
			projectDirPath = "";
			projectRoot = "";
			targets = (
				370743E3F9FFC81627C407C4 /* Glint */,
				900A6C235CB23B81714F0821 /* GlintTests */,
			);
		};
/* End PBXProject section */

/* Begin PBXResourcesBuildPhase section */
		15DB57E4B5291059A1FB8D4A /* Resources */ = {
			isa = PBXResourcesBuildPhase;
			buildActionMask = 2147483647;
			files = (
				942ED7C1C1A2E823BA52F67A /* Assets.xcassets in Resources */,
				E38979E8FE4960028D4C6C8A /* Barlow-Bold.otf in Resources */,
				657E526F46F719D1F9DEF150 /* Barlow-Medium.otf in Resources */,
				A1A72E96C61443EFFEA8A712 /* Barlow-Regular.otf in Resources */,
				AC6C263FBCEAF29D274E0881 /* Barlow-SemiBold.otf in Resources */,
				D821F5498BB280D170E945F7 /* DepartureMonoNerdFont-Regular.otf in Resources */,
				FCB67525DF16A4DCF9B2AF7A /* Localizable.xcstrings in Resources */,
				03A10F3C2A6E3D55B543D7E6 /* THIRD_PARTY_FONT_LICENSES.md in Resources */,
				47BB527385B84454ABF8FC40 /* themes.json in Resources */,
			);
			runOnlyForDeploymentPostprocessing = 0;
		};
/* End PBXResourcesBuildPhase section */

/* Begin PBXSourcesBuildPhase section */
		3827C1790EDA945C32F356F3 /* Sources */ = {
			isa = PBXSourcesBuildPhase;
			buildActionMask = 2147483647;
			files = (
				2E295621951BC5A53BB9830F /* ACPTypesTests.swift in Sources */,
				13F72CF42254CD4C9ED3A64F /* AgentBusyStatusTests.swift in Sources */,
				81532B36FEC3039B8EAD9CB1 /* AgentKindResolutionTests.swift in Sources */,
				7630C58AEA27FCD47686D024 /* AgentPresentationTests.swift in Sources */,
				F9117BBBA7223329225B694D /* AppIconAssetTests.swift in Sources */,
				3F8C84DA957F29F442D9B82A /* AppIconPresetGroupingTests.swift in Sources */,
				F0C9D4521F90D3DE4F02E29A /* AppearanceThemeTests.swift in Sources */,
				3A7EFF6FAB2F2AF7006A6B49 /* CwdInheritanceTests.swift in Sources */,
				34997DD4A4F9B64A754FE77F /* DevinHookInstallerTests.swift in Sources */,
				03298F74C2B7C43FF6E7CE15 /* DevinSessionManagerTests.swift in Sources */,
				C1102E6BF39B44928974869A /* FontDefaultsTests.swift in Sources */,
				D12A23FB9E6AB95C264AA888 /* LiquidGlassSplitWindowTests.swift in Sources */,
				04E75EAD5165E8D96C1C5517 /* MascotAssetTests.swift in Sources */,
				ED46CD7A6E09551A775AD3B8 /* PaneAgentKindTests.swift in Sources */,
				843C1174E4867CE9C8AA8D52 /* PaneCloseTests.swift in Sources */,
				773D43479CD075334E617FEF /* PermissionPolicyTests.swift in Sources */,
				D74F5F4CB2F8EF5B36D5FC26 /* PermissionReviewerTests.swift in Sources */,
				44060AE541F2E43558D44D01 /* SleepAssertionTests.swift in Sources */,
				623A28FE871F2B79A6D52835 /* SplitFocusDimTests.swift in Sources */,
				AA8EDD24CDF66636AE550A4B /* WorkspaceAgentCodableTests.swift in Sources */,
				C748DE21F23B49B2FFD73DC7 /* WorkspaceIconKindTests.swift in Sources */,
				F6C613EDC946DD7FF0D91C2D /* WorkspaceKindTests.swift in Sources */,
			);
			runOnlyForDeploymentPostprocessing = 0;
		};
		86AD9E59837D6EEC7E56E0F0 /* Sources */ = {
			isa = PBXSourcesBuildPhase;
			buildActionMask = 2147483647;
			files = (
				DEEF28E69E16438246624BFB /* ACPClient.swift in Sources */,
				C7422ED14E8C4E63C6911645 /* ACPTypes.swift in Sources */,
				E464D0233508CD31C1235054 /* AgentBridge.swift in Sources */,
				15575F42DE6503CF35130878 /* AgentComposer.swift in Sources */,
				3932A4CFEFF6FB81AE283645 /* AgentHookInstaller.swift in Sources */,
				412B1CA6983A9F45FB4D20C1 /* AgentMessageView.swift in Sources */,
				C48BD1224EA2C6D3C87B9120 /* AgentPaneSummary.swift in Sources */,
				169DD2EDBB3722690752E042 /* AgentPaneView.swift in Sources */,
				CACBF58D56347AD978A88101 /* AgentPlaceholderPaneView.swift in Sources */,
				5157C5439862F21202BCC44D /* AppDelegate.swift in Sources */,
				FF23A847BC5D81C090121A22 /* AppFonts.swift in Sources */,
				C0E8D97C08BA3F0FA33F31E7 /* CommandPalette.swift in Sources */,
				CD7908F096580864CB2992ED /* ContentView.swift in Sources */,
				EF937781512647E835836F83 /* ControlBridge.swift in Sources */,
				C54833EBB70975128F00E558 /* DevinSessionManager.swift in Sources */,
				6C4DD263D1CEBA46FCBE7A83 /* FolderPicker.swift in Sources */,
				3CB9F41E3B1CB4A8790D9159 /* GhosttyManager.swift in Sources */,
				1115F230E14FBE3C1FC754A2 /* GhosttySurfaceView.swift in Sources */,
				CEA0A8FF66046FEFA80FAC0C /* GlintApp.swift in Sources */,
				930665E39CE84564CBF9D300 /* GlintTheme.swift in Sources */,
				9557E5424D0008F3337D1D5C /* ImagePicker.swift in Sources */,
				B6DE63D608A15234D6D65F8F /* NewWorkspacePopover.swift in Sources */,
				21C03B3AE912F4D30FA6F92C /* PaneAgentState.swift in Sources */,
				7D07A40DF6411A613624827A /* PaneSurfaceRepresentable.swift in Sources */,
				49DF8EE59313B7CFE29DA303 /* PaneTreeView.swift in Sources */,
				6D74FE6545631EB8193C82E1 /* PaneView.swift in Sources */,
				E2ED5190EBA9CBB188695979 /* PermissionReviewer.swift in Sources */,
				175E069EE844FB32C6EE51BB /* Persistence.swift in Sources */,
				F7ABF70CD455143BF89B89B3 /* SafeJSON.swift in Sources */,
				F6AFF715FCE5357CEB07683D /* SettingsSafety.swift in Sources */,
				EF3ACBA990526130228FAD0B /* SettingsView.swift in Sources */,
				CD30F5E1B78B3C46C9990FD6 /* SidebarView.swift in Sources */,
				24B83C558586A3693F938175 /* SleepAssertionManager.swift in Sources */,
				7FC12666816053BEB64079CB /* Theme.swift in Sources */,
				692D1A7D490E07D796535EAA /* UpdaterController.swift in Sources */,
				D3D6CF13B67D30E9DA557F83 /* UsageStore.swift in Sources */,
				AB89FA6EF5785EC4026F4402 /* VisualEffectBackground.swift in Sources */,
				D1BDE1E5DE8D4FE1F96822D1 /* WorkspaceStore.swift in Sources */,
			);
			runOnlyForDeploymentPostprocessing = 0;
		};
/* End PBXSourcesBuildPhase section */

/* Begin PBXTargetDependency section */
		D3E9FF39F2716E0829281863 /* PBXTargetDependency */ = {
			isa = PBXTargetDependency;
			target = 370743E3F9FFC81627C407C4 /* Glint */;
			targetProxy = E573422D753FD4F162230F22 /* PBXContainerItemProxy */;
		};
/* End PBXTargetDependency section */

/* Begin XCBuildConfiguration section */
		130074BCE1A72D62A77E00B9 /* Debug */ = {
			isa = XCBuildConfiguration;
			buildSettings = {
				BUNDLE_LOADER = "$(TEST_HOST)";
				COMBINE_HIDPI_IMAGES = YES;
				GENERATE_INFOPLIST_FILE = YES;
				LD_RUNPATH_SEARCH_PATHS = (
					"$(inherited)",
					"@executable_path/../Frameworks",
					"@loader_path/../Frameworks",
				);
				PRODUCT_BUNDLE_IDENTIFIER = app.glint.GlintTests;
				SDKROOT = macosx;
				TEST_HOST = "$(BUILT_PRODUCTS_DIR)/Glint.app/Contents/MacOS/Glint";
			};
			name = Debug;
		};
		2FF28DB47A88D5C96B620971 /* Release */ = {
			isa = XCBuildConfiguration;
			buildSettings = {
				ASSETCATALOG_COMPILER_APPICON_NAME = AppIcon;
				ASSETCATALOG_COMPILER_STANDALONE_ICON_BEHAVIOR = all;
				CODE_SIGN_ENTITLEMENTS = Glint/Resources/Glint.entitlements;
				CODE_SIGN_IDENTITY = "-";
				CODE_SIGN_STYLE = Automatic;
				COMBINE_HIDPI_IMAGES = YES;
				DEVELOPMENT_TEAM = "";
				FRAMEWORK_SEARCH_PATHS = (
					"$(SRCROOT)/Vendor",
					"\"Vendor\"",
				);
				INFOPLIST_FILE = Glint/Resources/Info.plist;
				LD_RUNPATH_SEARCH_PATHS = (
					"$(inherited)",
					"@executable_path/../Frameworks",
				);
				OTHER_LDFLAGS = (
					"-framework",
					Metal,
					"-framework",
					MetalKit,
					"-framework",
					QuartzCore,
					"-framework",
					CoreText,
					"-framework",
					AppKit,
					"-framework",
					Carbon,
					"-framework",
					IOKit,
					"-framework",
					Security,
					"-framework",
					UserNotifications,
					"-lc++",
				);
				PRODUCT_BUNDLE_IDENTIFIER = app.glint.Glint;
				PRODUCT_NAME = Glint;
				SDKROOT = macosx;
			};
			name = Release;
		};
		737FFBE4050FEC0AF1931C18 /* Debug */ = {
			isa = XCBuildConfiguration;
			buildSettings = {
				ALWAYS_SEARCH_USER_PATHS = NO;
				CLANG_ANALYZER_NONNULL = YES;
				CLANG_ANALYZER_NUMBER_OBJECT_CONVERSION = YES_AGGRESSIVE;
				CLANG_CXX_LANGUAGE_STANDARD = "gnu++14";
				CLANG_CXX_LIBRARY = "libc++";
				CLANG_ENABLE_MODULES = YES;
				CLANG_ENABLE_OBJC_ARC = YES;
				CLANG_ENABLE_OBJC_WEAK = YES;
				CLANG_WARN_BLOCK_CAPTURE_AUTORELEASING = YES;
				CLANG_WARN_BOOL_CONVERSION = YES;
				CLANG_WARN_COMMA = YES;
				CLANG_WARN_CONSTANT_CONVERSION = YES;
				CLANG_WARN_DEPRECATED_OBJC_IMPLEMENTATIONS = YES;
				CLANG_WARN_DIRECT_OBJC_ISA_USAGE = YES_ERROR;
				CLANG_WARN_DOCUMENTATION_COMMENTS = YES;
				CLANG_WARN_EMPTY_BODY = YES;
				CLANG_WARN_ENUM_CONVERSION = YES;
				CLANG_WARN_INFINITE_RECURSION = YES;
				CLANG_WARN_INT_CONVERSION = YES;
				CLANG_WARN_NON_LITERAL_NULL_CONVERSION = YES;
				CLANG_WARN_OBJC_IMPLICIT_RETAIN_SELF = YES;
				CLANG_WARN_OBJC_LITERAL_CONVERSION = YES;
				CLANG_WARN_OBJC_ROOT_CLASS = YES_ERROR;
				CLANG_WARN_QUOTED_INCLUDE_IN_FRAMEWORK_HEADER = YES;
				CLANG_WARN_RANGE_LOOP_ANALYSIS = YES;
				CLANG_WARN_STRICT_PROTOTYPES = YES;
				CLANG_WARN_SUSPICIOUS_MOVE = YES;
				CLANG_WARN_UNGUARDED_AVAILABILITY = YES_AGGRESSIVE;
				CLANG_WARN_UNREACHABLE_CODE = YES;
				CLANG_WARN__DUPLICATE_METHOD_MATCH = YES;
				COPY_PHASE_STRIP = NO;
				DEAD_CODE_STRIPPING = YES;
				DEBUG_INFORMATION_FORMAT = dwarf;
				ENABLE_HARDENED_RUNTIME = YES;
				ENABLE_STRICT_OBJC_MSGSEND = YES;
				ENABLE_TESTABILITY = YES;
				GCC_C_LANGUAGE_STANDARD = gnu11;
				GCC_DYNAMIC_NO_PIC = NO;
				GCC_NO_COMMON_BLOCKS = YES;
				GCC_OPTIMIZATION_LEVEL = 0;
				GCC_PREPROCESSOR_DEFINITIONS = (
					"$(inherited)",
					"DEBUG=1",
				);
				GCC_WARN_64_TO_32_BIT_CONVERSION = YES;
				GCC_WARN_ABOUT_RETURN_TYPE = YES_ERROR;
				GCC_WARN_UNDECLARED_SELECTOR = YES;
				GCC_WARN_UNINITIALIZED_AUTOS = YES_AGGRESSIVE;
				GCC_WARN_UNUSED_FUNCTION = YES;
				GCC_WARN_UNUSED_VARIABLE = YES;
				MACOSX_DEPLOYMENT_TARGET = 14.0;
				MTL_ENABLE_DEBUG_INFO = INCLUDE_SOURCE;
				MTL_FAST_MATH = YES;
				ONLY_ACTIVE_ARCH = YES;
				PRODUCT_NAME = "$(TARGET_NAME)";
				SDKROOT = macosx;
				SWIFT_ACTIVE_COMPILATION_CONDITIONS = DEBUG;
				SWIFT_OPTIMIZATION_LEVEL = "-Onone";
				SWIFT_TREAT_WARNINGS_AS_ERRORS = NO;
				SWIFT_VERSION = 5.10;
			};
			name = Debug;
		};
		A421CEA63DCEC9F0C551FA29 /* Release */ = {
			isa = XCBuildConfiguration;
			buildSettings = {
				BUNDLE_LOADER = "$(TEST_HOST)";
				COMBINE_HIDPI_IMAGES = YES;
				GENERATE_INFOPLIST_FILE = YES;
				LD_RUNPATH_SEARCH_PATHS = (
					"$(inherited)",
					"@executable_path/../Frameworks",
					"@loader_path/../Frameworks",
				);
				PRODUCT_BUNDLE_IDENTIFIER = app.glint.GlintTests;
				SDKROOT = macosx;
				TEST_HOST = "$(BUILT_PRODUCTS_DIR)/Glint.app/Contents/MacOS/Glint";
			};
			name = Release;
		};
		D716E255757C327EE86E1B65 /* Debug */ = {
			isa = XCBuildConfiguration;
			buildSettings = {
				ASSETCATALOG_COMPILER_APPICON_NAME = AppIcon;
				ASSETCATALOG_COMPILER_STANDALONE_ICON_BEHAVIOR = all;
				CODE_SIGN_ENTITLEMENTS = Glint/Resources/Glint.entitlements;
				CODE_SIGN_IDENTITY = "-";
				CODE_SIGN_STYLE = Automatic;
				COMBINE_HIDPI_IMAGES = YES;
				DEVELOPMENT_TEAM = "";
				FRAMEWORK_SEARCH_PATHS = (
					"$(SRCROOT)/Vendor",
					"\"Vendor\"",
				);
				INFOPLIST_FILE = Glint/Resources/Info.plist;
				LD_RUNPATH_SEARCH_PATHS = (
					"$(inherited)",
					"@executable_path/../Frameworks",
				);
				OTHER_LDFLAGS = (
					"-framework",
					Metal,
					"-framework",
					MetalKit,
					"-framework",
					QuartzCore,
					"-framework",
					CoreText,
					"-framework",
					AppKit,
					"-framework",
					Carbon,
					"-framework",
					IOKit,
					"-framework",
					Security,
					"-framework",
					UserNotifications,
					"-lc++",
				);
				PRODUCT_BUNDLE_IDENTIFIER = app.glint.Glint.dev;
				PRODUCT_NAME = Glint;
				SDKROOT = macosx;
			};
			name = Debug;
		};
		E37AAD708771A94B3B8380A6 /* Release */ = {
			isa = XCBuildConfiguration;
			buildSettings = {
				ALWAYS_SEARCH_USER_PATHS = NO;
				CLANG_ANALYZER_NONNULL = YES;
				CLANG_ANALYZER_NUMBER_OBJECT_CONVERSION = YES_AGGRESSIVE;
				CLANG_CXX_LANGUAGE_STANDARD = "gnu++14";
				CLANG_CXX_LIBRARY = "libc++";
				CLANG_ENABLE_MODULES = YES;
				CLANG_ENABLE_OBJC_ARC = YES;
				CLANG_ENABLE_OBJC_WEAK = YES;
				CLANG_WARN_BLOCK_CAPTURE_AUTORELEASING = YES;
				CLANG_WARN_BOOL_CONVERSION = YES;
				CLANG_WARN_COMMA = YES;
				CLANG_WARN_CONSTANT_CONVERSION = YES;
				CLANG_WARN_DEPRECATED_OBJC_IMPLEMENTATIONS = YES;
				CLANG_WARN_DIRECT_OBJC_ISA_USAGE = YES_ERROR;
				CLANG_WARN_DOCUMENTATION_COMMENTS = YES;
				CLANG_WARN_EMPTY_BODY = YES;
				CLANG_WARN_ENUM_CONVERSION = YES;
				CLANG_WARN_INFINITE_RECURSION = YES;
				CLANG_WARN_INT_CONVERSION = YES;
				CLANG_WARN_NON_LITERAL_NULL_CONVERSION = YES;
				CLANG_WARN_OBJC_IMPLICIT_RETAIN_SELF = YES;
				CLANG_WARN_OBJC_LITERAL_CONVERSION = YES;
				CLANG_WARN_OBJC_ROOT_CLASS = YES_ERROR;
				CLANG_WARN_QUOTED_INCLUDE_IN_FRAMEWORK_HEADER = YES;
				CLANG_WARN_RANGE_LOOP_ANALYSIS = YES;
				CLANG_WARN_STRICT_PROTOTYPES = YES;
				CLANG_WARN_SUSPICIOUS_MOVE = YES;
				CLANG_WARN_UNGUARDED_AVAILABILITY = YES_AGGRESSIVE;
				CLANG_WARN_UNREACHABLE_CODE = YES;
				CLANG_WARN__DUPLICATE_METHOD_MATCH = YES;
				COPY_PHASE_STRIP = NO;
				DEAD_CODE_STRIPPING = YES;
				DEBUG_INFORMATION_FORMAT = "dwarf-with-dsym";
				ENABLE_HARDENED_RUNTIME = YES;
				ENABLE_NS_ASSERTIONS = NO;
				ENABLE_STRICT_OBJC_MSGSEND = YES;
				GCC_C_LANGUAGE_STANDARD = gnu11;
				GCC_NO_COMMON_BLOCKS = YES;
				GCC_WARN_64_TO_32_BIT_CONVERSION = YES;
				GCC_WARN_ABOUT_RETURN_TYPE = YES_ERROR;
				GCC_WARN_UNDECLARED_SELECTOR = YES;
				GCC_WARN_UNINITIALIZED_AUTOS = YES_AGGRESSIVE;
				GCC_WARN_UNUSED_FUNCTION = YES;
				GCC_WARN_UNUSED_VARIABLE = YES;
				MACOSX_DEPLOYMENT_TARGET = 14.0;
				MTL_ENABLE_DEBUG_INFO = NO;
				MTL_FAST_MATH = YES;
				PRODUCT_NAME = "$(TARGET_NAME)";
				SDKROOT = macosx;
				SWIFT_COMPILATION_MODE = wholemodule;
				SWIFT_OPTIMIZATION_LEVEL = "-O";
				SWIFT_TREAT_WARNINGS_AS_ERRORS = NO;
				SWIFT_VERSION = 5.10;
			};
			name = Release;
		};
/* End XCBuildConfiguration section */

/* Begin XCConfigurationList section */
		086B69158E9278565399AC37 /* Build configuration list for PBXProject "Glint" */ = {
			isa = XCConfigurationList;
			buildConfigurations = (
				737FFBE4050FEC0AF1931C18 /* Debug */,
				E37AAD708771A94B3B8380A6 /* Release */,
			);
			defaultConfigurationIsVisible = 0;
			defaultConfigurationName = Debug;
		};
		11189B2AF4B71B0DFE397743 /* Build configuration list for PBXNativeTarget "GlintTests" */ = {
			isa = XCConfigurationList;
			buildConfigurations = (
				130074BCE1A72D62A77E00B9 /* Debug */,
				A421CEA63DCEC9F0C551FA29 /* Release */,
			);
			defaultConfigurationIsVisible = 0;
			defaultConfigurationName = Debug;
		};
		4AC9F6345A7677531E105A3D /* Build configuration list for PBXNativeTarget "Glint" */ = {
			isa = XCConfigurationList;
			buildConfigurations = (
				D716E255757C327EE86E1B65 /* Debug */,
				2FF28DB47A88D5C96B620971 /* Release */,
			);
			defaultConfigurationIsVisible = 0;
			defaultConfigurationName = Debug;
		};
/* End XCConfigurationList section */

/* Begin XCRemoteSwiftPackageReference section */
		AAA6FA46A023C46056BE3F0D /* XCRemoteSwiftPackageReference "Sparkle" */ = {
			isa = XCRemoteSwiftPackageReference;
			repositoryURL = "https://github.com/sparkle-project/Sparkle.git";
			requirement = {
				kind = upToNextMajorVersion;
				minimumVersion = 2.6.4;
			};
		};
/* End XCRemoteSwiftPackageReference section */

/* Begin XCSwiftPackageProductDependency section */
		C48F9D3C512A0ABE8369D0F4 /* Sparkle */ = {
			isa = XCSwiftPackageProductDependency;
			package = AAA6FA46A023C46056BE3F0D /* XCRemoteSwiftPackageReference "Sparkle" */;
			productName = Sparkle;
		};
/* End XCSwiftPackageProductDependency section */
	};
	rootObject = BE6DB378EC4FB00E8DB46BA7 /* Project object */;
}
